
Microsoft Visual Studio Solution File, Format Version 12.00
Project("{FAE04EC0-301F-11D3-BF4B-00C04F79EFBC}") = "Budget.Telegram.Bot.API", "Budget.Telegram.Bot.API\Budget.Telegram.Bot.API.csproj", "{D3D00304-718C-4A5A-B5E3-1ADA59C2161B}"
EndProject
Project("{FAE04EC0-301F-11D3-BF4B-00C04F79EFBC}") = "Budget.Telegram.Bot.Infrastructure", "Budget.Telegram.Bot.Infrastructure\Budget.Telegram.Bot.Infrastructure.csproj", "{FD327A97-B2C9-441C-B37E-68A0368E402B}"
EndProject
Project("{FAE04EC0-301F-11D3-BF4B-00C04F79EFBC}") = "Budget.Telegram.Bot.Domain", "Budget.Telegram.Bot.Domain\Budget.Telegram.Bot.Domain.csproj", "{6D8A087C-CAEA-44A0-B33D-B3F1517407A9}"
EndProject
Global
	GlobalSection(SolutionConfigurationPlatforms) = preSolution
		Debug|Any CPU = Debug|Any CPU
		Release|Any CPU = Release|Any CPU
	EndGlobalSection
	GlobalSection(ProjectConfigurationPlatforms) = postSolution
		{D3D00304-718C-4A5A-B5E3-1ADA59C2161B}.Debug|Any CPU.ActiveCfg = Debug|Any CPU
		{D3D00304-718C-4A5A-B5E3-1ADA59C2161B}.Debug|Any CPU.Build.0 = Debug|Any CPU
		{D3D00304-718C-4A5A-B5E3-1ADA59C2161B}.Release|Any CPU.ActiveCfg = Release|Any CPU
		{D3D00304-718C-4A5A-B5E3-1ADA59C2161B}.Release|Any CPU.Build.0 = Release|Any CPU
		{FD327A97-B2C9-441C-B37E-68A0368E402B}.Debug|Any CPU.ActiveCfg = Debug|Any CPU
		{FD327A97-B2C9-441C-B37E-68A0368E402B}.Debug|Any CPU.Build.0 = Debug|Any CPU
		{FD327A97-B2C9-441C-B37E-68A0368E402B}.Release|Any CPU.ActiveCfg = Release|Any CPU
		{FD327A97-B2C9-441C-B37E-68A0368E402B}.Release|Any CPU.Build.0 = Release|Any CPU
		{6D8A087C-CAEA-44A0-B33D-B3F1517407A9}.Debug|Any CPU.ActiveCfg = Debug|Any CPU
		{6D8A087C-CAEA-44A0-B33D-B3F1517407A9}.Debug|Any CPU.Build.0 = Debug|Any CPU
		{6D8A087C-CAEA-44A0-B33D-B3F1517407A9}.Release|Any CPU.ActiveCfg = Release|Any CPU
		{6D8A087C-CAEA-44A0-B33D-B3F1517407A9}.Release|Any CPU.Build.0 = Release|Any CPU
	EndGlobalSection
EndGlobal
