
Microsoft Visual Studio Solution File, Format Version 12.00
Project("{FAE04EC0-301F-11D3-BF4B-00C04F79EFBC}") = "Budget.Telegram.Bot.API", "Budget.Telegram.Bot.API\Budget.Telegram.Bot.API.csproj", "{D3D00304-718C-4A5A-B5E3-1ADA59C2161B}"
EndProject
Project("{FAE04EC0-301F-11D3-BF4B-00C04F79EFBC}") = "Budget.Telegram.Bot.Business", "Budget.Telegram.Bot.Business\Budget.Telegram.Bot.Business.csproj", "{45B33B39-9209-47EF-9F1D-BF0EEFFF33AB}"
EndProject
Project("{FAE04EC0-301F-11D3-BF4B-00C04F79EFBC}") = "Budget.Telegram.Bot.Entity", "Budget.Telegram.Bot.Entity\Budget.Telegram.Bot.Entity.csproj", "{C9B217CA-6FA4-402C-B625-A993D61D9047}"
EndProject
Project("{FAE04EC0-301F-11D3-BF4B-00C04F79EFBC}") = "Budget.Telegram.Bot.DataAccess", "Budget.Telegram.Bot.DataAccess\Budget.Telegram.Bot.DataAccess.csproj", "{5F11520E-B1F9-44A6-832B-CD5B7252473E}"
EndProject
Global
	GlobalSection(SolutionConfigurationPlatforms) = preSolution
		Debug|Any CPU = Debug|Any CPU
		Release|Any CPU = Release|Any CPU
	EndGlobalSection
	GlobalSection(ProjectConfigurationPlatforms) = postSolution
		{D3D00304-718C-4A5A-B5E3-1ADA59C2161B}.Debug|Any CPU.ActiveCfg = Debug|Any CPU
		{D3D00304-718C-4A5A-B5E3-1ADA59C2161B}.Debug|Any CPU.Build.0 = Debug|Any CPU
		{D3D00304-718C-4A5A-B5E3-1ADA59C2161B}.Release|Any CPU.ActiveCfg = Release|Any CPU
		{D3D00304-718C-4A5A-B5E3-1ADA59C2161B}.Release|Any CPU.Build.0 = Release|Any CPU
		{45B33B39-9209-47EF-9F1D-BF0EEFFF33AB}.Debug|Any CPU.ActiveCfg = Debug|Any CPU
		{45B33B39-9209-47EF-9F1D-BF0EEFFF33AB}.Debug|Any CPU.Build.0 = Debug|Any CPU
		{45B33B39-9209-47EF-9F1D-BF0EEFFF33AB}.Release|Any CPU.ActiveCfg = Release|Any CPU
		{45B33B39-9209-47EF-9F1D-BF0EEFFF33AB}.Release|Any CPU.Build.0 = Release|Any CPU
		{C9B217CA-6FA4-402C-B625-A993D61D9047}.Debug|Any CPU.ActiveCfg = Debug|Any CPU
		{C9B217CA-6FA4-402C-B625-A993D61D9047}.Debug|Any CPU.Build.0 = Debug|Any CPU
		{C9B217CA-6FA4-402C-B625-A993D61D9047}.Release|Any CPU.ActiveCfg = Release|Any CPU
		{C9B217CA-6FA4-402C-B625-A993D61D9047}.Release|Any CPU.Build.0 = Release|Any CPU
		{5F11520E-B1F9-44A6-832B-CD5B7252473E}.Debug|Any CPU.ActiveCfg = Debug|Any CPU
		{5F11520E-B1F9-44A6-832B-CD5B7252473E}.Debug|Any CPU.Build.0 = Debug|Any CPU
		{5F11520E-B1F9-44A6-832B-CD5B7252473E}.Release|Any CPU.ActiveCfg = Release|Any CPU
		{5F11520E-B1F9-44A6-832B-CD5B7252473E}.Release|Any CPU.Build.0 = Release|Any CPU
	EndGlobalSection
EndGlobal
